
Microsoft Visual Studio Solution File, Format Version 12.00
# Visual Studio 15
VisualStudioVersion = 15.0.28010.2046
MinimumVisualStudioVersion = 10.0.40219.1
Project("{FAE04EC0-301F-11D3-BF4B-00C04F79EFBC}") = "CloudChasersSaveManager", "CloudChasersSaveManager\CloudChasersSaveManager.csproj", "{C62D400C-C708-4B3D-B373-E54E65162BC2}"
EndProject
Project("{FAE04EC0-301F-11D3-BF4B-00C04F79EFBC}") = "Assembly-CSharp", "Assembly-CSharp\Assembly-CSharp.csproj", "{AA0A2C51-9C22-437D-8E03-B05A495E2A07}"
EndProject
Global
	GlobalSection(SolutionConfigurationPlatforms) = preSolution
		Debug|Any CPU = Debug|Any CPU
		Release|Any CPU = Release|Any CPU
	EndGlobalSection
	GlobalSection(ProjectConfigurationPlatforms) = postSolution
		{C62D400C-C708-4B3D-B373-E54E65162BC2}.Debug|Any CPU.ActiveCfg = Debug|Any CPU
		{C62D400C-C708-4B3D-B373-E54E65162BC2}.Debug|Any CPU.Build.0 = Debug|Any CPU
		{C62D400C-C708-4B3D-B373-E54E65162BC2}.Release|Any CPU.ActiveCfg = Release|Any CPU
		{C62D400C-C708-4B3D-B373-E54E65162BC2}.Release|Any CPU.Build.0 = Release|Any CPU
		{AA0A2C51-9C22-437D-8E03-B05A495E2A07}.Debug|Any CPU.ActiveCfg = Debug|Any CPU
		{AA0A2C51-9C22-437D-8E03-B05A495E2A07}.Debug|Any CPU.Build.0 = Debug|Any CPU
		{AA0A2C51-9C22-437D-8E03-B05A495E2A07}.Release|Any CPU.ActiveCfg = Release|Any CPU
		{AA0A2C51-9C22-437D-8E03-B05A495E2A07}.Release|Any CPU.Build.0 = Release|Any CPU
	EndGlobalSection
	GlobalSection(SolutionProperties) = preSolution
		HideSolutionNode = FALSE
	EndGlobalSection
	GlobalSection(ExtensibilityGlobals) = postSolution
		SolutionGuid = {9EB9D430-9F73-4649-BB62-A4D9B9548845}
	EndGlobalSection
EndGlobal
